[[package]]
name = "attrs"
version = "21.4.0"
requires_python = ">=2.7, !=3.0.*, !=3.1.*, !=3.2.*, !=3.3.*, !=3.4.*"
summary = "Classes Without Boilerplate"

[[package]]
name = "biopython"
version = "1.79"
requires_python = ">=3.6"
summary = "Freely available tools for computational molecular biology."
dependencies = [
    "numpy",
]

[[package]]
name = "cgecore"
version = "1.5.6"
summary = "Center for Genomic Epidemiology Core Module"

[[package]]
name = "cgelib"
version = "0.7.3"
requires_python = ">=3.6"
summary = "Description of my package"
dependencies = [
    "GitPython",
    "python-dateutil",
]

[[package]]
name = "colorama"
version = "0.4.4"
requires_python = ">=2.7, !=3.0.*, !=3.1.*, !=3.2.*, !=3.3.*, !=3.4.*"
summary = "Cross-platform colored terminal text."

[[package]]
name = "gitdb"
version = "4.0.9"
requires_python = ">=3.6"
summary = "Git Object Database"
dependencies = [
    "smmap<6,>=3.0.1",
]

[[package]]
name = "gitpython"
version = "3.1.27"
requires_python = ">=3.7"
summary = "GitPython is a python library used to interact with Git repositories"
dependencies = [
    "gitdb<5,>=4.0.1",
]

[[package]]
name = "iniconfig"
version = "1.1.1"
summary = "iniconfig: brain-dead simple config-ini parsing"

[[package]]
name = "numpy"
version = "1.22.3"
requires_python = ">=3.8"
summary = "NumPy is the fundamental package for array computing with Python."

[[package]]
name = "packaging"
version = "21.3"
requires_python = ">=3.6"
summary = "Core utilities for Python packages"
dependencies = [
    "pyparsing!=3.0.5,>=2.0.2",
]

[[package]]
name = "pandas"
version = "1.5.0"
requires_python = ">=3.8"
summary = "Powerful data structures for data analysis, time series, and statistics"
dependencies = [
    "numpy>=1.20.3; python_version < \"3.10\"",
    "numpy>=1.21.0; python_version >= \"3.10\"",
    "python-dateutil>=2.8.1",
    "pytz>=2020.1",
]

[[package]]
name = "pluggy"
version = "1.0.0"
requires_python = ">=3.6"
summary = "plugin and hook calling mechanisms for python"

[[package]]
name = "py"
version = "1.11.0"
requires_python = ">=2.7, !=3.0.*, !=3.1.*, !=3.2.*, !=3.3.*, !=3.4.*"
summary = "library with cross-python path, ini-parsing, io, code, log facilities"

[[package]]
name = "pyparsing"
version = "3.0.9"
requires_python = ">=3.6.8"
summary = "pyparsing module - Classes and methods to define and execute parsing grammars"

[[package]]
name = "pytest"
version = "7.1.3"
requires_python = ">=3.7"
summary = "pytest: simple powerful testing with Python"
dependencies = [
    "attrs>=19.2.0",
    "colorama; sys_platform == \"win32\"",
    "iniconfig",
    "packaging",
    "pluggy<2.0,>=0.12",
    "py>=1.8.2",
    "tomli>=1.0.0",
]

[[package]]
name = "python-dateutil"
version = "2.8.2"
requires_python = "!=3.0.*,!=3.1.*,!=3.2.*,>=2.7"
summary = "Extensions to the standard Python datetime module"
dependencies = [
    "six>=1.5",
]

[[package]]
name = "pytz"
version = "2022.1"
summary = "World timezone definitions, modern and historical"

[[package]]
name = "six"
version = "1.16.0"
requires_python = ">=2.7, !=3.0.*, !=3.1.*, !=3.2.*"
summary = "Python 2 and 3 compatibility utilities"

[[package]]
name = "smmap"
version = "5.0.0"
requires_python = ">=3.6"
summary = "A pure Python implementation of a sliding window memory map manager"

[[package]]
name = "tabulate"
version = "0.9.0"
requires_python = ">=3.7"
summary = "Pretty-print tabular data"

[[package]]
name = "tomli"
version = "2.0.1"
requires_python = ">=3.7"
summary = "A lil' TOML parser"

[metadata]
lock_version = "4.0"
content_hash = "sha256:c444a5008ac315c15ea0073792368c178d5d3f2f53c421896d582787d79caa0b"

[metadata.files]
"attrs 21.4.0" = [
    {url = "https://files.pythonhosted.org/packages/be/be/7abce643bfdf8ca01c48afa2ddf8308c2308b0c3b239a44e57d020afa0ef/attrs-21.4.0-py2.py3-none-any.whl", hash = "sha256:2d27e3784d7a565d36ab851fe94887c5eccd6a463168875832a1be79c82828b4"},
    {url = "https://files.pythonhosted.org/packages/d7/77/ebb15fc26d0f815839ecd897b919ed6d85c050feeb83e100e020df9153d2/attrs-21.4.0.tar.gz", hash = "sha256:626ba8234211db98e869df76230a137c4c40a12d72445c45d5f5b716f076e2fd"},
]
"biopython 1.79" = [
    {url = "https://files.pythonhosted.org/packages/08/5c/ba9cddec156212e2d4a847d5d5e1666a18d8c48cce9d7d4b854352347335/biopython-1.79-cp36-cp36m-manylinux_2_17_aarch64.manylinux2014_aarch64.whl", hash = "sha256:365569543ea58dd07ef205ec351c23b6c1a3200d5d321eb28ceaecd55eb5955e"},
    {url = "https://files.pythonhosted.org/packages/0b/33/3a6ab331068d831efaafaf056a192268c4f9ee9805d10101bc4e9462a929/biopython-1.79-cp39-cp39-win32.whl", hash = "sha256:8f33dafd3c7254fff5e1684b965e45a7c08d9b8e1bf51562b0a521ff9a6f5ea0"},
    {url = "https://files.pythonhosted.org/packages/10/4f/1369f4a2840fdd37402935a59455f0c86a5abfcfdfae37365d8be925661c/biopython-1.79-cp39-cp39-manylinux_2_5_x86_64.manylinux1_x86_64.whl", hash = "sha256:ab93d5749b375be3682866b3a606aa2ebd3e6d868079793925bf4fbb0987cf1f"},
    {url = "https://files.pythonhosted.org/packages/22/cf/28a0e54dbef63ea356fbecc5c3256be3232fb4bb0a8575e0960aa56dfa09/biopython-1.79-cp39-cp39-manylinux_2_5_i686.manylinux1_i686.manylinux_2_17_i686.manylinux2014_i686.whl", hash = "sha256:465429ca6fc1a98d25cc7a15708f1d238caa3ada66c3cd47d27405c816c80808"},
    {url = "https://files.pythonhosted.org/packages/26/25/ac3cac308583df8142406330a492dfdda8750641a0c65619ef6b7c596d0b/biopython-1.79-cp310-cp310-win_amd64.whl", hash = "sha256:9eadfd4300f534cd4fa39613eeee786d2c3d6b981d373c5c46616fa1a97cad10"},
    {url = "https://files.pythonhosted.org/packages/28/73/4d61169ce1f15c65ea49af89e534b2089375a44b608cb65062b58ff414de/biopython-1.79.tar.gz", hash = "sha256:edb07eac99d3b8abd7ba56ff4bedec9263f76dfc3c3f450e7d2e2bcdecf8559b"},
    {url = "https://files.pythonhosted.org/packages/29/3b/a892a2782334544c379b89943b1d548b7b26b7bb4730561ceb942076b2a7/biopython-1.79-cp38-cp38-manylinux_2_5_x86_64.manylinux1_x86_64.whl", hash = "sha256:d9f6ce961e0c380e2a5435f64c96421dbcebeab6a1b41506bd81251feb733c08"},
    {url = "https://files.pythonhosted.org/packages/32/d1/acb7461d41e404232c01ed8762c3807e195d7827787d854d750084dc095e/biopython-1.79-cp39-cp39-macosx_10_9_x86_64.whl", hash = "sha256:76988ed3d7383d566db1d7fc69c9cf136c6275813fb749fc6753c340f81f1a8f"},
    {url = "https://files.pythonhosted.org/packages/3d/35/1584ea3e2067655d36f2e98b84704dcad2e91a52a7237fa2598c5cd8b485/biopython-1.79-cp38-cp38-win_amd64.whl", hash = "sha256:2dbb4388c75b5dfca8ce729e791f465c9c878dbd7ba2ab9a1f9854609d2b5426"},
    {url = "https://files.pythonhosted.org/packages/47/27/91da99b76a92c3b6bcac49120b491bfcf5021cf4804b2afb7a9033d3a698/biopython-1.79-cp310-cp310-win32.whl", hash = "sha256:1af4348c17e43f3c79a16af87424d8e3a32e2168ab9246106a085bbb2b8d3450"},
    {url = "https://files.pythonhosted.org/packages/4a/28/19014d35446bb00b6783f098eb86f24440b9c099b1f1ded33814f48afbea/biopython-1.79-cp37-cp37m-macosx_10_9_x86_64.whl", hash = "sha256:884a2b99ac7820cb84f70089769a512e3238ee60438b8c934ed519613dc570ce"},
    {url = "https://files.pythonhosted.org/packages/4c/83/625b2161c17462c519299d70888ae46e3ec4d40ff7003703d99905d4b2a9/biopython-1.79-cp38-cp38-macosx_10_9_x86_64.whl", hash = "sha256:aa23a83a220486af6193760d079b36543fe00afcfbd18280ca2fd0b2c1c8dd6d"},
    {url = "https://files.pythonhosted.org/packages/54/8c/275afd0b51d49ade65939de7b2ba40e8c4a37a63466bedf8d16aeb39ed4e/biopython-1.79-cp39-cp39-manylinux_2_17_aarch64.manylinux2014_aarch64.whl", hash = "sha256:e921571b51514a6d35944242d6fef6427c3998acf58940fe1f209ac8a92a6e87"},
    {url = "https://files.pythonhosted.org/packages/56/84/f831d2fe72b9d0535bf6e8494da16d2070c8bf38d323a5cc06e52a8e3710/biopython-1.79-cp310-cp310-manylinux_2_17_x86_64.manylinux2014_x86_64.whl", hash = "sha256:d759ccb6e7539130f0b272bc246715cad2a2fb91520d62db183d62d65f80a215"},
    {url = "https://files.pythonhosted.org/packages/5a/42/de1ed545df624180b84c613e5e4de4848f72989ce5846a74af6baa0737b9/biopython-1.79-cp37-cp37m-manylinux_2_5_x86_64.manylinux1_x86_64.whl", hash = "sha256:9580978803b582e0612b71673cab289e6bf261a865009cfb9501d65bc726a76e"},
    {url = "https://files.pythonhosted.org/packages/5d/57/dd1d704ac67dcf40433da6c97c9aa2b5842e99c26a5dd63ce542f7f00f14/biopython-1.79-cp36-cp36m-manylinux_2_5_i686.manylinux1_i686.whl", hash = "sha256:4be31815226052d86d4c2f6a103c40504e34bba3e25cc1b1d687a3203c42fb6e"},
    {url = "https://files.pythonhosted.org/packages/5e/5d/323de430e020fd3db073502fc02d2db5e3711e7c2e082508d8fecc89e33b/biopython-1.79-cp38-cp38-manylinux_2_5_i686.manylinux1_i686.whl", hash = "sha256:947b793e804c59ea45ae46945a57612ad1789ca87af4af0d6a62dcecf3a6246a"},
    {url = "https://files.pythonhosted.org/packages/60/da/c67fef644a92c2e44743ad8c3f0321b140e226f2b55112f066a9415c9d91/biopython-1.79-cp39-cp39-win_amd64.whl", hash = "sha256:b3ab26f26a1956ef26303386510d84e917e31fcbbc94918c336da0163ef628df"},
    {url = "https://files.pythonhosted.org/packages/71/18/e22da8ceabf16936595678690dc6e9877cf40bda245c3e554398558e0a31/biopython-1.79-cp37-cp37m-manylinux_2_17_aarch64.manylinux2014_aarch64.whl", hash = "sha256:51eb467a60c38820ad1e6c3a7d4cb10535606f559646e824cc65c96091d91ff7"},
    {url = "https://files.pythonhosted.org/packages/7b/99/45130f31116a65f2ed2c6dcc7e9001bc6f15b829ca750cd2521e8a2e49f7/biopython-1.79-cp37-cp37m-manylinux_2_5_i686.manylinux1_i686.manylinux_2_17_i686.manylinux2014_i686.whl", hash = "sha256:3786ed9304f2de9f27a9eaa7d19b6b167eff2be0d15c99000a99785308b7dabe"},
    {url = "https://files.pythonhosted.org/packages/80/91/4f59b312c3c43bbe35ee1df25256b6f3fccd7f9a7baf95145ea7a1a4f6dc/biopython-1.79-cp37-cp37m-win_amd64.whl", hash = "sha256:f0a7e1d94a318f74974345fd0987ec389b16988ec484e67218e900b116b932a8"},
    {url = "https://files.pythonhosted.org/packages/9c/61/dd680f0bada56f1bd4e022e98be912629e66af8994d1874299cc76932ebf/biopython-1.79-cp38-cp38-win32.whl", hash = "sha256:155c5b95857bca7ebd607210cb9d8ea459bb0b86b3ca37ea44ec47c26ede7e9a"},
    {url = "https://files.pythonhosted.org/packages/9d/0a/63c7690d43c7e21dceb62f0fa4fa3aac2c33d39c086e8859fde89ba73282/biopython-1.79-cp36-cp36m-win_amd64.whl", hash = "sha256:98deacc30b8654cfcdcf707d93fa4e3c8717bbda07c3f9f828cf84753d4a1e4d"},
    {url = "https://files.pythonhosted.org/packages/ab/dd/13d67536d2cccd2fd8165fd222c63c24e62152243b5965b81a280a1e51ef/biopython-1.79-cp36-cp36m-win32.whl", hash = "sha256:83bfea8a19f9352c47b13965c4b73853e7aeef3c5aed8489895b0679e32c621b"},
    {url = "https://files.pythonhosted.org/packages/b2/fd/40b37ad5f012f8ec02b70d854c3767a3b7a393d4ddf1b5977d89335c363f/biopython-1.79-cp36-cp36m-macosx_10_9_x86_64.whl", hash = "sha256:72a1477cf1701964c7224e506a54fd65d1cc5228da200b634a17992230aa1cbd"},
    {url = "https://files.pythonhosted.org/packages/c2/14/b1f15781c6ba3597fad6002c1a4999daea32c5fddc05a9ecb315e1fbb0d0/biopython-1.79-cp39-cp39-manylinux_2_5_i686.manylinux1_i686.whl", hash = "sha256:bf634a56f449a4123e48e538d661948e5ac29fb452acd2962b8cb834b472a9d7"},
    {url = "https://files.pythonhosted.org/packages/c4/60/799615e4d9d6f514ada83156a74f08008738a635474684d6b2af9ae1cc66/biopython-1.79-cp38-cp38-manylinux_2_17_x86_64.manylinux2014_x86_64.whl", hash = "sha256:131093d8a0b8075b692fe73d9a4684d4fc98ff5990f6dce1e1b9f929c58207f1"},
    {url = "https://files.pythonhosted.org/packages/c9/e4/c16225bd0e97de886b4a8a5f1f032b1a8063cc83e151f9b2189f3c81ffa7/biopython-1.79-cp310-cp310-macosx_10_9_x86_64.whl", hash = "sha256:bb3c25ac6688ceac074e8d09951d29d1ef49c0645f677550d7cbe5b950da5ccf"},
    {url = "https://files.pythonhosted.org/packages/cf/ad/291179e20956f589774875e7bb1a80d680a9dd6661a7abb84eca80112815/biopython-1.79-cp38-cp38-manylinux_2_17_aarch64.manylinux2014_aarch64.whl", hash = "sha256:4b3d4eec2e348c3d97a7fde80ee0f2b8ebeed849d2bd64a616833a9be03b93c8"},
    {url = "https://files.pythonhosted.org/packages/d4/26/bd9b0762d4476614227ff909eeb95c1f9b8f126b387e1f41ecc8e895683b/biopython-1.79-cp38-cp38-manylinux_2_5_i686.manylinux1_i686.manylinux_2_17_i686.manylinux2014_i686.whl", hash = "sha256:b5c371b54f9ebb9ec420d535748d40c6945faf829420c1c5b254b1b77f70b153"},
    {url = "https://files.pythonhosted.org/packages/d4/ac/820ed94d0c59646df94cfa34a0c29dae51e010bb4996e6fa63350de6e509/biopython-1.79-cp37-cp37m-win32.whl", hash = "sha256:5ae69c5e09769390643aa0f8064517665df6fb99c37433821d6664584d0ecb8c"},
    {url = "https://files.pythonhosted.org/packages/e6/3c/eb1d2d32cafd98689f6a0b887672055c093a8f96f88a84a7304c0dd077fc/biopython-1.79-cp37-cp37m-manylinux_2_5_i686.manylinux1_i686.whl", hash = "sha256:03ee5c72b3cc3f0675a8c22ce1c45fe99a32a60db18df059df479ae6cf619708"},
    {url = "https://files.pythonhosted.org/packages/e6/e8/730466bd37501619ef0b55b10e98e007ce311e719dbe9c53fcf2b6f43579/biopython-1.79-cp39-cp39-manylinux_2_17_x86_64.manylinux2014_x86_64.whl", hash = "sha256:b385ab3eb8921bdf952213bb94c52662696905e5e5b8b81b024156eec3249012"},
    {url = "https://files.pythonhosted.org/packages/f5/b7/e78211d764945fdf2ed859f14e8d02c0e1f93b8762b3be7724a4f811f0c4/biopython-1.79-cp37-cp37m-manylinux_2_17_x86_64.manylinux2014_x86_64.whl", hash = "sha256:26c8b935a08efc044bbdd8882b86800c6bd7aa2a22832cee9470aba708cd23b1"},
    {url = "https://files.pythonhosted.org/packages/ff/58/79e243f219d238441fffc648973731ef5fbdd7caab1a04f2ee4c09bea528/biopython-1.79-cp36-cp36m-manylinux_2_5_x86_64.manylinux1_x86_64.whl", hash = "sha256:ceab668be9cbdcddef55ad459f87acd0316ae4a00d32251fea4cf665f5062fda"},
]
"cgecore 1.5.6" = [
    {url = "https://files.pythonhosted.org/packages/24/f0/f4507b608865e56757f80000c34405c8a43e973e888e11e6bdc18fe47ce1/cgecore-1.5.6.tar.gz", hash = "sha256:310dbaf02c6791dcc17cff7b01930a6260d92328c07cfaaf431742f073fcc758"},
    {url = "https://files.pythonhosted.org/packages/e5/1b/e5eecb648fcdc25bfd0657c319a4efaf2e8d8bed47b0db8cc8df9203a719/cgecore-1.5.6-py3-none-any.whl", hash = "sha256:a4d957c2e34878ab2e440430b72763649043eaf7b0784766649ec203b090ac17"},
]
"cgelib 0.7.3" = [
    {url = "https://files.pythonhosted.org/packages/7e/e1/b5d528f295440d9ed4b6178a69a43a29d8e9656a1e81005b48084d03c68b/cgelib-0.7.3-py3-none-any.whl", hash = "sha256:435dc2adadd26a5d0ae9134cc93983691eb977ae23714ab5d2ad2c8b69829b6f"},
    {url = "https://files.pythonhosted.org/packages/a3/24/89fce48d52b132347e44c722fc169cc838c9ed854e2480cdeb22843034a1/cgelib-0.7.3.tar.gz", hash = "sha256:f1a2f4308923643514224631aa8f391e709a47a5be3b76e4a32c6bda2f9f52d0"},
]
"colorama 0.4.4" = [
    {url = "https://files.pythonhosted.org/packages/1f/bb/5d3246097ab77fa083a61bd8d3d527b7ae063c7d8e8671b1cf8c4ec10cbe/colorama-0.4.4.tar.gz", hash = "sha256:5941b2b48a20143d2267e95b1c2a7603ce057ee39fd88e7329b0c292aa16869b"},
    {url = "https://files.pythonhosted.org/packages/44/98/5b86278fbbf250d239ae0ecb724f8572af1c91f4a11edf4d36a206189440/colorama-0.4.4-py2.py3-none-any.whl", hash = "sha256:9f47eda37229f68eee03b24b9748937c7dc3868f906e8ba69fbcbdd3bc5dc3e2"},
]
"gitdb 4.0.9" = [
    {url = "https://files.pythonhosted.org/packages/a3/7c/5d747655049bfbf75b5fcec57c8115896cb78d6fafa84f6d3ef4c0f13a98/gitdb-4.0.9-py3-none-any.whl", hash = "sha256:8033ad4e853066ba6ca92050b9df2f89301b8fc8bf7e9324d412a63f8bf1a8fd"},
    {url = "https://files.pythonhosted.org/packages/fc/44/64e02ef96f20b347385f0e9c03098659cb5a1285d36c3d17c56e534d80cf/gitdb-4.0.9.tar.gz", hash = "sha256:bac2fd45c0a1c9cf619e63a90d62bdc63892ef92387424b855792a6cabe789aa"},
]
"gitpython 3.1.27" = [
    {url = "https://files.pythonhosted.org/packages/83/32/ce68915670da6fd6b1e3fb4b3554b4462512f6441dddd194fc0f4f6ec653/GitPython-3.1.27-py3-none-any.whl", hash = "sha256:5b68b000463593e05ff2b261acff0ff0972df8ab1b70d3cdbd41b546c8b8fc3d"},
    {url = "https://files.pythonhosted.org/packages/d6/39/5b91b6c40570dc1c753359de7492404ba8fe7d71af40b618a780c7ad1fc7/GitPython-3.1.27.tar.gz", hash = "sha256:1c885ce809e8ba2d88a29befeb385fcea06338d3640712b59ca623c220bb5704"},
]
"iniconfig 1.1.1" = [
    {url = "https://files.pythonhosted.org/packages/23/a2/97899f6bd0e873fed3a7e67ae8d3a08b21799430fb4da15cfedf10d6e2c2/iniconfig-1.1.1.tar.gz", hash = "sha256:bc3af051d7d14b2ee5ef9969666def0cd1a000e121eaea580d4a313df4b37f32"},
    {url = "https://files.pythonhosted.org/packages/9b/dd/b3c12c6d707058fa947864b67f0c4e0c39ef8610988d7baea9578f3c48f3/iniconfig-1.1.1-py2.py3-none-any.whl", hash = "sha256:011e24c64b7f47f6ebd835bb12a743f2fbe9a26d4cecaa7f53bc4f35ee9da8b3"},
]
"numpy 1.22.3" = [
    {url = "https://files.pythonhosted.org/packages/15/87/4d6bc4e2053a4b517b022746f8e2dae328155a4c723bcad4c7d536febf51/numpy-1.22.3-cp310-cp310-manylinux_2_17_x86_64.manylinux2014_x86_64.whl", hash = "sha256:a3bae1a2ed00e90b3ba5f7bd0a7c7999b55d609e0c54ceb2b076a25e345fa9f4"},
    {url = "https://files.pythonhosted.org/packages/22/66/95849d4d0116eef22d42355f1e8b67b43b0799093914fce369551bcc9d2f/numpy-1.22.3-cp39-cp39-macosx_11_0_arm64.whl", hash = "sha256:fade0d4f4d292b6f39951b6836d7a3c7ef5b2347f3c420cd9820a1d90d794802"},
    {url = "https://files.pythonhosted.org/packages/25/2f/811ad95effd790cd13cdea494e1cd7520ebc3bf049c3e88c3ca4ba8175c5/numpy-1.22.3-cp39-cp39-manylinux_2_17_x86_64.manylinux2014_x86_64.whl", hash = "sha256:97098b95aa4e418529099c26558eeb8486e66bd1e53a6b606d684d0c3616b168"},
    {url = "https://files.pythonhosted.org/packages/2f/0d/5a0a0bb939f4cc6db6fe777a7221c7c33bf5f5a601f5abfc82692bb4b6aa/numpy-1.22.3-cp38-cp38-win32.whl", hash = "sha256:e7927a589df200c5e23c57970bafbd0cd322459aa7b1ff73b7c2e84d6e3eae62"},
    {url = "https://files.pythonhosted.org/packages/36/b1/b535a1d417c02d503d344115b5116a1b6156867e3d604af852e845ddd27c/numpy-1.22.3-cp310-cp310-macosx_11_0_arm64.whl", hash = "sha256:8251ed96f38b47b4295b1ae51631de7ffa8260b5b087808ef09a39a9d66c97ab"},
    {url = "https://files.pythonhosted.org/packages/38/c0/c45c5eb0e25247d5fbb333fd0b56e570ba21cf0e3dca3abad174fb780e8c/numpy-1.22.3-cp38-cp38-manylinux_2_17_x86_64.manylinux2014_x86_64.whl", hash = "sha256:3ca688e1b9b95d80250bca34b11a05e389b1420d00e87a0d12dc45f131f704a1"},
    {url = "https://files.pythonhosted.org/packages/52/d0/d7a200f2c3d6c6a879dbdc6d762c7dbed542527333ac9a6a72c8ffab9814/numpy-1.22.3-cp38-cp38-macosx_10_14_x86_64.whl", hash = "sha256:201b4d0552831f7250a08d3b38de0d989d6f6e4658b709a02a73c524ccc6ffce"},
    {url = "https://files.pythonhosted.org/packages/58/55/6fef1ef16124066b96d5b5cb107c8e0af20b2007b79ba8f7e52ca2e1b2b7/numpy-1.22.3-cp39-cp39-macosx_10_14_x86_64.whl", hash = "sha256:2c10a93606e0b4b95c9b04b77dc349b398fdfbda382d2a39ba5a822f669a0123"},
    {url = "https://files.pythonhosted.org/packages/5b/e5/527451a9fb79e1cffe18ee74d79e8b8da44272a70bf924ec94143d956831/numpy-1.22.3-cp310-cp310-win_amd64.whl", hash = "sha256:08d9b008d0156c70dc392bb3ab3abb6e7a711383c3247b410b39962263576cd4"},
    {url = "https://files.pythonhosted.org/packages/5c/51/872b5c1f40c740e9ebdad87dca8bd42fc7cb5aafab14b96d3a83fca52fd3/numpy-1.22.3-cp38-cp38-macosx_11_0_arm64.whl", hash = "sha256:f8c1f39caad2c896bc0018f699882b345b2a63708008be29b1f355ebf6f933fe"},
    {url = "https://files.pythonhosted.org/packages/64/4a/b008d1f8a7b9f5206ecf70a53f84e654707e7616a771d84c05151a4713e9/numpy-1.22.3.zip", hash = "sha256:dbc7601a3b7472d559dc7b933b18b4b66f9aa7452c120e87dfb33d02008c8a18"},
    {url = "https://files.pythonhosted.org/packages/6b/37/4a4898d9acd56087f9b4139b750f68df40355b7410dde4ce5ff8cbf54350/numpy-1.22.3-cp310-cp310-macosx_10_14_x86_64.whl", hash = "sha256:92bfa69cfbdf7dfc3040978ad09a48091143cffb778ec3b03fa170c494118d75"},
    {url = "https://files.pythonhosted.org/packages/a1/09/7db2b7a0a0e30366515ec863b9c06725b5a9442316e005d61ac0b09dbfbd/numpy-1.22.3-cp39-cp39-win32.whl", hash = "sha256:fdf3c08bce27132395d3c3ba1503cac12e17282358cb4bddc25cc46b0aca07aa"},
    {url = "https://files.pythonhosted.org/packages/d8/0c/429d18873843ac368fae6647fca04bf76cc4683560338c76260d8964a00d/numpy-1.22.3-cp39-cp39-win_amd64.whl", hash = "sha256:639b54cdf6aa4f82fe37ebf70401bbb74b8508fddcf4797f9fe59615b8c5813a"},
    {url = "https://files.pythonhosted.org/packages/d8/30/2facfdcee2f9af55e6a7277c089736edfce1144acb3ccffaf3cff8781058/numpy-1.22.3-pp38-pypy38_pp73-manylinux_2_17_x86_64.manylinux2014_x86_64.whl", hash = "sha256:c34ea7e9d13a70bf2ab64a2532fe149a9aced424cd05a2c4ba662fd989e3e45f"},
    {url = "https://files.pythonhosted.org/packages/d9/1c/1999e8cf1cb92e5640caeb79bea7064c14e6d8d54b2a8e053c068266b1b8/numpy-1.22.3-cp39-cp39-manylinux_2_17_aarch64.manylinux2014_aarch64.whl", hash = "sha256:5bfb1bb598e8229c2d5d48db1860bcf4311337864ea3efdbe1171fb0c5da515d"},
    {url = "https://files.pythonhosted.org/packages/dc/b6/b8864042996dab931a9598e0aa9b55748aa6be80e743e4a2a6e5631f9bee/numpy-1.22.3-cp310-cp310-manylinux_2_17_aarch64.manylinux2014_aarch64.whl", hash = "sha256:48a3aecd3b997bf452a2dedb11f4e79bc5bfd21a1d4cc760e703c31d57c84b3e"},
    {url = "https://files.pythonhosted.org/packages/dd/41/a35a2239895195a88ef3a42c716128061670e8b9042f368622ffafbf38ff/numpy-1.22.3-cp310-cp310-win32.whl", hash = "sha256:f950f8845b480cffe522913d35567e29dd381b0dc7e4ce6a4a9f9156417d2430"},
    {url = "https://files.pythonhosted.org/packages/e1/f0/5c3cf38272793a610cc843052e58c93b40b424e2c4a933422cd0bd6391ba/numpy-1.22.3-cp38-cp38-manylinux_2_17_aarch64.manylinux2014_aarch64.whl", hash = "sha256:568dfd16224abddafb1cbcce2ff14f522abe037268514dd7e42c6776a1c3f8e5"},
    {url = "https://files.pythonhosted.org/packages/fa/f2/f4ec28f935f980167740c5af5a1908090a48a564bed5e689f4b92386d7d9/numpy-1.22.3-cp38-cp38-win_amd64.whl", hash = "sha256:07a8c89a04997625236c5ecb7afe35a02af3896c8aa01890a849913a2309c676"},
]
"packaging 21.3" = [
    {url = "https://files.pythonhosted.org/packages/05/8e/8de486cbd03baba4deef4142bd643a3e7bbe954a784dc1bb17142572d127/packaging-21.3-py3-none-any.whl", hash = "sha256:ef103e05f519cdc783ae24ea4e2e0f508a9c99b2d4969652eed6a2e1ea5bd522"},
    {url = "https://files.pythonhosted.org/packages/df/9e/d1a7217f69310c1db8fdf8ab396229f55a699ce34a203691794c5d1cad0c/packaging-21.3.tar.gz", hash = "sha256:dd47c42927d89ab911e606518907cc2d3a1f38bbd026385970643f9c5b8ecfeb"},
]
"pandas 1.5.0" = [
    {url = "https://files.pythonhosted.org/packages/05/4b/cade88002bce6a808c44199617160bd9d78c23d4bb91950f4397aebf063f/pandas-1.5.0-cp38-cp38-macosx_10_9_x86_64.whl", hash = "sha256:1b82ccc7b093e0a93f8dffd97a542646a3e026817140e2c01266aaef5fdde11b"},
    {url = "https://files.pythonhosted.org/packages/0f/dc/9e6655b5403b2d29e96e950e6fcecb4dc57826325ef5fc9fd777abe666c1/pandas-1.5.0-cp311-cp311-manylinux_2_17_aarch64.manylinux2014_aarch64.whl", hash = "sha256:207d63ac851e60ec57458814613ef4b3b6a5e9f0b33c57623ba2bf8126c311f8"},
    {url = "https://files.pythonhosted.org/packages/10/ee/11b87cb8c1f7528f49c3eae401461759f7481eaf6b3f76f690d400a89410/pandas-1.5.0-cp311-cp311-macosx_10_9_universal2.whl", hash = "sha256:171cef540bfcec52257077816a4dbbac152acdb8236ba11d3196ae02bf0959d8"},
    {url = "https://files.pythonhosted.org/packages/13/94/ffc33b085128c3c67f29b5bee296a7761aa53147439710a01affe0695066/pandas-1.5.0-cp39-cp39-macosx_11_0_arm64.whl", hash = "sha256:85a516a7f6723ca1528f03f7851fa8d0360d1d6121cf15128b290cf79b8a7f6a"},
    {url = "https://files.pythonhosted.org/packages/1d/4c/59163e34135e72eda5f083aa89183f582d7a24415132f4bfc8ecc486125a/pandas-1.5.0-cp311-cp311-macosx_11_0_arm64.whl", hash = "sha256:86d87279ebc5bc20848b4ceb619073490037323f80f515e0ec891c80abad958a"},
    {url = "https://files.pythonhosted.org/packages/28/92/d8ede5d604e7970172e23e3bed9e9a19b841baed95e2fd6d87ac90f87026/pandas-1.5.0-cp310-cp310-win_amd64.whl", hash = "sha256:1642fc6138b4e45d57a12c1b464a01a6d868c0148996af23f72dde8d12486bbc"},
    {url = "https://files.pythonhosted.org/packages/2a/24/f5042daa59b91e94e6ea41edbb28d2b7e3712d0cf54a76f9ffde394efbe7/pandas-1.5.0.tar.gz", hash = "sha256:3ee61b881d2f64dd90c356eb4a4a4de75376586cd3c9341c6c0fcaae18d52977"},
    {url = "https://files.pythonhosted.org/packages/2b/a9/f5e78b7dea7ab35e713425eb571d72002cfdac2e5c9113ce40176c8dcc9e/pandas-1.5.0-cp39-cp39-win_amd64.whl", hash = "sha256:8a4fc04838615bf0a8d3a03ed68197f358054f0df61f390bcc64fbe39e3d71ec"},
    {url = "https://files.pythonhosted.org/packages/4a/ad/50a7329fcd1d23cca74dcd1eae4dfb429d5fb28963f5822649fda8320bf2/pandas-1.5.0-cp39-cp39-macosx_10_9_x86_64.whl", hash = "sha256:e9c5049333c5bebf993033f4bf807d163e30e8fada06e1da7fa9db86e2392009"},
    {url = "https://files.pythonhosted.org/packages/4c/cc/e4670163011b9ac92f728b871c617d8e9421461df5c30ececb65dce52ba6/pandas-1.5.0-cp38-cp38-manylinux_2_17_aarch64.manylinux2014_aarch64.whl", hash = "sha256:62e61003411382e20d7c2aec1ee8d7c86c8b9cf46290993dd8a0a3be44daeb38"},
    {url = "https://files.pythonhosted.org/packages/60/91/dd83dd2222b6c8f707a39b0d8da91158c42e4827d6962229553a31199548/pandas-1.5.0-cp38-cp38-win32.whl", hash = "sha256:e178ce2d7e3b934cf8d01dc2d48d04d67cb0abfaffdcc8aa6271fd5a436f39c8"},
    {url = "https://files.pythonhosted.org/packages/80/79/f59ad6186a5271c7b1ddeb261738f667a997e782ecd9a5ae55c6b4c15d73/pandas-1.5.0-cp39-cp39-win32.whl", hash = "sha256:2504c032f221ef9e4a289f5e46a42b76f5e087ecb67d62e342ccbba95a32a488"},
    {url = "https://files.pythonhosted.org/packages/82/6c/c35ea6ed019829714a8432da14690f442f96ffeb050343278fe0733fb768/pandas-1.5.0-cp310-cp310-macosx_10_9_universal2.whl", hash = "sha256:0d8d7433d19bfa33f11c92ad9997f15a902bda4f5ad3a4814a21d2e910894484"},
    {url = "https://files.pythonhosted.org/packages/85/74/1aafd4d480ee3c22c6b30c2449939e129f3a75bbb042ff6cc3bdcc99295c/pandas-1.5.0-cp39-cp39-macosx_10_9_universal2.whl", hash = "sha256:73844e247a7b7dac2daa9df7339ecf1fcf1dfb8cbfd11e3ffe9819ae6c31c515"},
    {url = "https://files.pythonhosted.org/packages/86/56/1166f3d36fda4e16f4d7296207fae1fa5c01352b32e9c480e1ed360b180e/pandas-1.5.0-cp311-cp311-macosx_10_9_x86_64.whl", hash = "sha256:a68a9b9754efff364b0c5ee5b0f18e15ca640c01afe605d12ba8b239ca304d6b"},
    {url = "https://files.pythonhosted.org/packages/8c/00/e247f93bd07133c47b1b6e7df5a5d5d1a3525d9ba790d38057e1e8ca66a0/pandas-1.5.0-cp310-cp310-macosx_11_0_arm64.whl", hash = "sha256:8e8e5edf97d8793f51d258c07c629bd49d271d536ce15d66ac00ceda5c150eb3"},
    {url = "https://files.pythonhosted.org/packages/91/e2/61f674f92e4a13a9c4b24260d2ca8c964e4affccfa3cb9fc2284996618a3/pandas-1.5.0-cp311-cp311-win_amd64.whl", hash = "sha256:de34636e2dc04e8ac2136a8d3c2051fd56ebe9fd6cd185581259330649e73ca9"},
    {url = "https://files.pythonhosted.org/packages/a2/bb/33c637f9d284a8b314aee0a6fc2c2ef243d9145e9480f910f4eca54e6887/pandas-1.5.0-cp310-cp310-manylinux_2_17_x86_64.manylinux2014_x86_64.whl", hash = "sha256:c76f1d104844c5360c21d2ef0e1a8b2ccf8b8ebb40788475e255b9462e32b2be"},
    {url = "https://files.pythonhosted.org/packages/a9/28/b22dee58c431006f84cc6336c44be980ba3ff90ce81e95f007e14f2c484d/pandas-1.5.0-cp38-cp38-macosx_10_9_universal2.whl", hash = "sha256:1d34b1f43d9e3f4aea056ba251f6e9b143055ebe101ed04c847b41bb0bb4a989"},
    {url = "https://files.pythonhosted.org/packages/aa/42/0933b9430425286d2ee3059e067ece3590b63542d9d7a9bb66d3a300ca85/pandas-1.5.0-cp38-cp38-macosx_11_0_arm64.whl", hash = "sha256:4e30a31039574d96f3d683df34ccb50bb435426ad65793e42a613786901f6761"},
    {url = "https://files.pythonhosted.org/packages/ba/51/5d6a6e360a69ce88b1170db0897d7c497f02fdbbf77281a9d01aa8eaa064/pandas-1.5.0-cp39-cp39-manylinux_2_17_aarch64.manylinux2014_aarch64.whl", hash = "sha256:947ed9f896ee61adbe61829a7ae1ade493c5a28c66366ec1de85c0642009faac"},
    {url = "https://files.pythonhosted.org/packages/d0/83/944ebe877e40b1ac9c47b4ea827f9358f10640ec0523e0b54cebf3d39d84/pandas-1.5.0-cp39-cp39-manylinux_2_17_x86_64.manylinux2014_x86_64.whl", hash = "sha256:c7f38d91f21937fe2bec9449570d7bf36ad7136227ef43b321194ec249e2149d"},
    {url = "https://files.pythonhosted.org/packages/da/4a/a0c8d3ba8d875a25578bcb3032b6ac9b2db3d016b0a762ab41e1a13f3b52/pandas-1.5.0-cp38-cp38-manylinux_2_17_x86_64.manylinux2014_x86_64.whl", hash = "sha256:fc987f7717e53d372f586323fff441263204128a1ead053c1b98d7288f836ac9"},
    {url = "https://files.pythonhosted.org/packages/f6/5d/4020469c1f7df76644b8575b160e9ccafdf1eeb5af7d0b5627e0f565fd18/pandas-1.5.0-cp310-cp310-macosx_10_9_x86_64.whl", hash = "sha256:5cc47f2ebaa20ef96ae72ee082f9e101b3dfbf74f0e62c7a12c0b075a683f03c"},
    {url = "https://files.pythonhosted.org/packages/fa/9d/c9820dbe371c1d6297f59ef76a17e032df2659addadfc76bb87106ca35db/pandas-1.5.0-cp310-cp310-manylinux_2_17_aarch64.manylinux2014_aarch64.whl", hash = "sha256:41aec9f87455306496d4486df07c1b98c15569c714be2dd552a6124cd9fda88f"},
    {url = "https://files.pythonhosted.org/packages/fa/d2/554c10c71f983040d513eca07c2661c6f4fff386652943561a948d55e13a/pandas-1.5.0-cp38-cp38-win_amd64.whl", hash = "sha256:33a9d9e21ab2d91e2ab6e83598419ea6a664efd4c639606b299aae8097c1c94f"},
    {url = "https://files.pythonhosted.org/packages/fa/fe/c81ad3991f2c6aeacf01973f1d37b1dc76c0682f312f104741602a9557f1/pandas-1.5.0-cp311-cp311-manylinux_2_17_x86_64.manylinux2014_x86_64.whl", hash = "sha256:e252a9e49b233ff96e2815c67c29702ac3a062098d80a170c506dff3470fd060"},
]
"pluggy 1.0.0" = [
    {url = "https://files.pythonhosted.org/packages/9e/01/f38e2ff29715251cf25532b9082a1589ab7e4f571ced434f98d0139336dc/pluggy-1.0.0-py2.py3-none-any.whl", hash = "sha256:74134bbf457f031a36d68416e1509f34bd5ccc019f0bcc952c7b909d06b37bd3"},
    {url = "https://files.pythonhosted.org/packages/a1/16/db2d7de3474b6e37cbb9c008965ee63835bba517e22cdb8c35b5116b5ce1/pluggy-1.0.0.tar.gz", hash = "sha256:4224373bacce55f955a878bf9cfa763c1e360858e330072059e10bad68531159"},
]
"py 1.11.0" = [
    {url = "https://files.pythonhosted.org/packages/98/ff/fec109ceb715d2a6b4c4a85a61af3b40c723a961e8828319fbcb15b868dc/py-1.11.0.tar.gz", hash = "sha256:51c75c4126074b472f746a24399ad32f6053d1b34b68d2fa41e558e6f4a98719"},
    {url = "https://files.pythonhosted.org/packages/f6/f0/10642828a8dfb741e5f3fbaac830550a518a775c7fff6f04a007259b0548/py-1.11.0-py2.py3-none-any.whl", hash = "sha256:607c53218732647dff4acdfcd50cb62615cedf612e72d1724fb1a0cc6405b378"},
]
"pyparsing 3.0.9" = [
    {url = "https://files.pythonhosted.org/packages/6c/10/a7d0fa5baea8fe7b50f448ab742f26f52b80bfca85ac2be9d35cdd9a3246/pyparsing-3.0.9-py3-none-any.whl", hash = "sha256:5026bae9a10eeaefb61dab2f09052b9f4307d44aee4eda64b309723d8d206bbc"},
    {url = "https://files.pythonhosted.org/packages/71/22/207523d16464c40a0310d2d4d8926daffa00ac1f5b1576170a32db749636/pyparsing-3.0.9.tar.gz", hash = "sha256:2b020ecf7d21b687f219b71ecad3631f644a47f01403fa1d1036b0c6416d70fb"},
]
"pytest 7.1.3" = [
    {url = "https://files.pythonhosted.org/packages/a4/a7/8c63a4966935b0d0b039fd67ebf2e1ae00f1af02ceb912d838814d772a9a/pytest-7.1.3.tar.gz", hash = "sha256:4f365fec2dff9c1162f834d9f18af1ba13062db0c708bf7b946f8a5c76180c39"},
    {url = "https://files.pythonhosted.org/packages/e3/b9/3541bbcb412a9fd56593005ff32183825634ef795a1c01ceb6dee86e7259/pytest-7.1.3-py3-none-any.whl", hash = "sha256:1377bda3466d70b55e3f5cecfa55bb7cfcf219c7964629b967c37cf0bda818b7"},
]
"python-dateutil 2.8.2" = [
    {url = "https://files.pythonhosted.org/packages/36/7a/87837f39d0296e723bb9b62bbb257d0355c7f6128853c78955f57342a56d/python_dateutil-2.8.2-py2.py3-none-any.whl", hash = "sha256:961d03dc3453ebbc59dbdea9e4e11c5651520a876d0f4db161e8674aae935da9"},
    {url = "https://files.pythonhosted.org/packages/4c/c4/13b4776ea2d76c115c1d1b84579f3764ee6d57204f6be27119f13a61d0a9/python-dateutil-2.8.2.tar.gz", hash = "sha256:0123cacc1627ae19ddf3c27a5de5bd67ee4586fbdd6440d9748f8abb483d3e86"},
]
"pytz 2022.1" = [
    {url = "https://files.pythonhosted.org/packages/2f/5f/a0f653311adff905bbcaa6d3dfaf97edcf4d26138393c6ccd37a484851fb/pytz-2022.1.tar.gz", hash = "sha256:1e760e2fe6a8163bc0b3d9a19c4f84342afa0a2affebfaa84b01b978a02ecaa7"},
    {url = "https://files.pythonhosted.org/packages/60/2e/dec1cc18c51b8df33c7c4d0a321b084cf38e1733b98f9d15018880fb4970/pytz-2022.1-py2.py3-none-any.whl", hash = "sha256:e68985985296d9a66a881eb3193b0906246245294a881e7c8afe623866ac6a5c"},
]
"six 1.16.0" = [
    {url = "https://files.pythonhosted.org/packages/71/39/171f1c67cd00715f190ba0b100d606d440a28c93c7714febeca8b79af85e/six-1.16.0.tar.gz", hash = "sha256:1e61c37477a1626458e36f7b1d82aa5c9b094fa4802892072e49de9c60c4c926"},
    {url = "https://files.pythonhosted.org/packages/d9/5a/e7c31adbe875f2abbb91bd84cf2dc52d792b5a01506781dbcf25c91daf11/six-1.16.0-py2.py3-none-any.whl", hash = "sha256:8abb2f1d86890a2dfb989f9a77cfcfd3e47c2a354b01111771326f8aa26e0254"},
]
"smmap 5.0.0" = [
    {url = "https://files.pythonhosted.org/packages/21/2d/39c6c57032f786f1965022563eec60623bb3e1409ade6ad834ff703724f3/smmap-5.0.0.tar.gz", hash = "sha256:c840e62059cd3be204b0c9c9f74be2c09d5648eddd4580d9314c3ecde0b30936"},
    {url = "https://files.pythonhosted.org/packages/6d/01/7caa71608bc29952ae09b0be63a539e50d2484bc37747797a66a60679856/smmap-5.0.0-py3-none-any.whl", hash = "sha256:2aba19d6a040e78d8b09de5c57e96207b09ed71d8e55ce0959eeee6c8e190d94"},
]
"tabulate 0.9.0" = [
    {url = "https://files.pythonhosted.org/packages/40/44/4a5f08c96eb108af5cb50b41f76142f0afa346dfa99d5296fe7202a11854/tabulate-0.9.0-py3-none-any.whl", hash = "sha256:024ca478df22e9340661486f85298cff5f6dcdba14f3813e8830015b9ed1948f"},
    {url = "https://files.pythonhosted.org/packages/ec/fe/802052aecb21e3797b8f7902564ab6ea0d60ff8ca23952079064155d1ae1/tabulate-0.9.0.tar.gz", hash = "sha256:0095b12bf5966de529c0feb1fa08671671b3368eec77d7ef7ab114be2c068b3c"},
]
"tomli 2.0.1" = [
    {url = "https://files.pythonhosted.org/packages/97/75/10a9ebee3fd790d20926a90a2547f0bf78f371b2f13aa822c759680ca7b9/tomli-2.0.1-py3-none-any.whl", hash = "sha256:939de3e7a6161af0c887ef91b7d41a53e7c5a1ca976325f429cb46ea9bc30ecc"},
    {url = "https://files.pythonhosted.org/packages/c0/3f/d7af728f075fb08564c5949a9c95e44352e23dee646869fa104a3b2060a3/tomli-2.0.1.tar.gz", hash = "sha256:de526c12914f0c550d15924c62d72abc48d6fe7364aa87328337a31007fe8a4f"},
]
